
Microsoft Visual Studio Solution File, Format Version 12.00
# Visual Studio Version 17
VisualStudioVersion = 17.9.34728.123
MinimumVisualStudioVersion = 10.0.40219.1
Project("{FAE04EC0-301F-11D3-BF4B-00C04F79EFBC}") = "EmployeeManagerAPI", "EmployeeManagerAPI\EmployeeManagerAPI.csproj", "{62C639E0-110F-4802-8351-D822A9151283}"
EndProject
Global
	GlobalSection(SolutionConfigurationPlatforms) = preSolution
		Debug|Any CPU = Debug|Any CPU
		Release|Any CPU = Release|Any CPU
	EndGlobalSection
	GlobalSection(ProjectConfigurationPlatforms) = postSolution
		{62C639E0-110F-4802-8351-D822A9151283}.Debug|Any CPU.ActiveCfg = Debug|Any CPU
		{62C639E0-110F-4802-8351-D822A9151283}.Debug|Any CPU.Build.0 = Debug|Any CPU
		{62C639E0-110F-4802-8351-D822A9151283}.Release|Any CPU.ActiveCfg = Release|Any CPU
		{62C639E0-110F-4802-8351-D822A9151283}.Release|Any CPU.Build.0 = Release|Any CPU
	EndGlobalSection
	GlobalSection(SolutionProperties) = preSolution
		HideSolutionNode = FALSE
	EndGlobalSection
	GlobalSection(ExtensibilityGlobals) = postSolution
		SolutionGuid = {E60A4D28-3CE2-4253-AE40-8190E9937F0B}
	EndGlobalSection
EndGlobal
